<Solution>
  <Project Path="KulcsRendszer.DataContext/KulcsRendszer.DataContext.csproj" Id="ca6dc4d9-eebc-48a6-94ba-e6f671ba01b3" />
  <Project Path="KulcsRendszer.Services/KulcsRendszer.Services.csproj" Id="9a210e2c-680c-4254-8fa9-74b3680e1be6" />
  <Project Path="KulcsRendszer.API/KulcsRendszer.API.csproj">
    <BuildDependency Project="KulcsRendszer.DataContext/KulcsRendszer.DataContext.csproj" />
    <BuildDependency Project="KulcsRendszer.Services/KulcsRendszer.Services.csproj" />
  </Project>
</Solution>
